# This file is generated by running "yarn install" inside your project.
# Manual changes might be lost - proceed with caution!

__metadata:
  version: 4

"@babel/runtime@npm:^7.6.3":
  version: 7.8.4
  resolution: "@babel/runtime@npm:7.8.4"
  dependencies:
    regenerator-runtime: ^0.13.2
  checksum: 30d4b6587664a1d76e7a93612fde694cc28d3b101a9bcec9c1dc58599f95659294eec07ccf86a60b611dd700bafb4b50e26e39f0e7d7327f032dd07febed240d
  languageName: node
  linkType: hard

"generate-.yarnrc.yml@workspace:.":
  version: 0.0.0-use.local
  resolution: "generate-.yarnrc.yml@workspace:."
  dependencies:
    yaml: ^1.7.2
  languageName: unknown
  linkType: soft

"regenerator-runtime@npm:^0.13.2":
  version: 0.13.4
  resolution: "regenerator-runtime@npm:0.13.4"
  checksum: 4e9b00f08a04285a8fd0f3600b0592aebb03408f47b19e046d74a9086df01099461e85a7fa2c0ff1995aa875a160360779731284e927d0e71047fa45980baa48
  languageName: node
  linkType: hard

"yaml@npm:^1.7.2":
  version: 1.7.2
  resolution: "yaml@npm:1.7.2"
  dependencies:
    "@babel/runtime": ^7.6.3
  checksum: da4a4934a50c9e434219ccd009021cbcc7ba13a17763e37a75ccb43aacbf7bd90216d9bb44f3b0b0214c6a8885848adf7d2370f5016196bebe9cb82e4e1d4d67
  languageName: node
  linkType: hard
